
Microsoft Visual Studio Solution File, Format Version 12.00
# Visual Studio Version 17
VisualStudioVersion = 17.4.33122.133
MinimumVisualStudioVersion = 10.0.40219.1
Project("{FAE04EC0-301F-11D3-BF4B-00C04F79EFBC}") = "SqlInjectionBlackLister", "SqlInjectionBlackLister\SqlInjectionBlackLister.csproj", "{66DE6D7A-1DAA-4087-82DB-229FE3BB418A}"
EndProject
Global
	GlobalSection(SolutionConfigurationPlatforms) = preSolution
		Debug|Any CPU = Debug|Any CPU
		Release|Any CPU = Release|Any CPU
	EndGlobalSection
	GlobalSection(ProjectConfigurationPlatforms) = postSolution
		{66DE6D7A-1DAA-4087-82DB-229FE3BB418A}.Debug|Any CPU.ActiveCfg = Debug|Any CPU
		{66DE6D7A-1DAA-4087-82DB-229FE3BB418A}.Debug|Any CPU.Build.0 = Debug|Any CPU
		{66DE6D7A-1DAA-4087-82DB-229FE3BB418A}.Release|Any CPU.ActiveCfg = Release|Any CPU
		{66DE6D7A-1DAA-4087-82DB-229FE3BB418A}.Release|Any CPU.Build.0 = Release|Any CPU
	EndGlobalSection
	GlobalSection(SolutionProperties) = preSolution
		HideSolutionNode = FALSE
	EndGlobalSection
	GlobalSection(ExtensibilityGlobals) = postSolution
		SolutionGuid = {187D57BF-3AAB-41E8-8078-ABB53E322870}
	EndGlobalSection
EndGlobal
